
Microsoft Visual Studio Solution File, Format Version 12.00
# Visual Studio Version 17
VisualStudioVersion = 17.6.33829.357
MinimumVisualStudioVersion = 10.0.40219.1
Project("{9A19103F-16F7-4668-BE54-9A1E7A4F7556}") = "LogixUploadDownloadTool", "LogixUploadDownloadTool\LogixUploadDownloadTool.csproj", "{83EBD494-05AD-443A-9FFE-6A675314F602}"
EndProject
Project("{2150E333-8FDC-42A3-9474-1A3956D46DE8}") = "Solution Items", "Solution Items", "{6A373746-A47F-4B39-8A96-ED350B10DC52}"
	ProjectSection(SolutionItems) = preProject
		.gitignore = .gitignore
		LICENSE.md = LICENSE.md
		README.md = README.md
	EndProjectSection
EndProject
Project("{2150E333-8FDC-42A3-9474-1A3956D46DE8}") = "media", "media", "{1600E90C-3105-4839-896D-857FD5AFEB62}"
	ProjectSection(SolutionItems) = preProject
		D:\Downloads\ludtool_download.gif = D:\Downloads\ludtool_download.gif
	EndProjectSection
EndProject
Global
	GlobalSection(SolutionConfigurationPlatforms) = preSolution
		Debug|Any CPU = Debug|Any CPU
		Release|Any CPU = Release|Any CPU
	EndGlobalSection
	GlobalSection(ProjectConfigurationPlatforms) = postSolution
		{83EBD494-05AD-443A-9FFE-6A675314F602}.Debug|Any CPU.ActiveCfg = Debug|Any CPU
		{83EBD494-05AD-443A-9FFE-6A675314F602}.Debug|Any CPU.Build.0 = Debug|Any CPU
		{83EBD494-05AD-443A-9FFE-6A675314F602}.Release|Any CPU.ActiveCfg = Release|Any CPU
		{83EBD494-05AD-443A-9FFE-6A675314F602}.Release|Any CPU.Build.0 = Release|Any CPU
	EndGlobalSection
	GlobalSection(SolutionProperties) = preSolution
		HideSolutionNode = FALSE
	EndGlobalSection
	GlobalSection(NestedProjects) = preSolution
		{1600E90C-3105-4839-896D-857FD5AFEB62} = {6A373746-A47F-4B39-8A96-ED350B10DC52}
	EndGlobalSection
	GlobalSection(ExtensibilityGlobals) = postSolution
		SolutionGuid = {63649097-736C-46BE-B050-9CB410348FA0}
	EndGlobalSection
EndGlobal
